{
  "R": {
    "Version": "3.5.2",
    "Repositories": [
      {
        "Name": "CRAN",
        "URL": "https://cran.rstudio.com"
      }
    ]
  },
  "Packages": {
    "renv": {
      "Package": "renv",
      "Version": "0.9.0-1",
      "Source": "GitHub",
      "RemoteType": "github",
      "RemoteHost": "api.github.com",
      "RemoteRepo": "renv",
      "RemoteUsername": "rstudio",
      "RemoteRef": "master",
      "RemoteSha": "5027611288575fd2a8017b2fd49967589fbea23b",
      "Hash": "515b0bf812c38f901ce119c89c37adf6"
    }
  }
}
